// !$*UTF8*$!
{
	archiveVersion = 1;
	classes = {
	};
	objectVersion = 50;
	objects = {

/* Begin PBXBuildFile section */
		9203B7B52690F03F004842DE /* MainScreenViewController.swift in Sources */ = {isa = PBXBuildFile; fileRef = 9203B7B42690F03F004842DE /* MainScreenViewController.swift */; };
		9203B7B92690FA29004842DE /* MainScreenAddViewController.swift in Sources */ = {isa = PBXBuildFile; fileRef = 9203B7B82690FA29004842DE /* MainScreenAddViewController.swift */; };
		923B810D26973E0F00B25EE9 /* Charts.framework in Frameworks */ = {isa = PBXBuildFile; fileRef = 923B810A26973E0300B25EE9 /* Charts.framework */; };
		923B810E26973E0F00B25EE9 /* Charts.framework in Embed Frameworks */ = {isa = PBXBuildFile; fileRef = 923B810A26973E0300B25EE9 /* Charts.framework */; settings = {ATTRIBUTES = (CodeSignOnCopy, RemoveHeadersOnCopy, ); }; };
		A30A7BAF269440FC00E288DE /* CollectionViewCell.swift in Sources */ = {isa = PBXBuildFile; fileRef = A30A7BAE269440FC00E288DE /* CollectionViewCell.swift */; };
		A33138D0269490C00003D14B /* DetailsCategoriesViewController.swift in Sources */ = {isa = PBXBuildFile; fileRef = A33138CF269490C00003D14B /* DetailsCategoriesViewController.swift */; };
		A33138D426949E630003D14B /* DetailsCategorisTableViewCell.swift in Sources */ = {isa = PBXBuildFile; fileRef = A33138D326949E630003D14B /* DetailsCategorisTableViewCell.swift */; };
		A386B2ED2696488F0089C3D9 /* AddCategoryViewController.swift in Sources */ = {isa = PBXBuildFile; fileRef = A386B2EC2696488F0089C3D9 /* AddCategoryViewController.swift */; };
		A38AF7D4269325A400DBA9D3 /* CategoriesViewController.swift in Sources */ = {isa = PBXBuildFile; fileRef = A38AF7D3269325A400DBA9D3 /* CategoriesViewController.swift */; };
		A5393AB82691DF5E000133B3 /* TextbookViewController.swift in Sources */ = {isa = PBXBuildFile; fileRef = A5393AB72691DF5E000133B3 /* TextbookViewController.swift */; };
		A5393ABA2691E091000133B3 /* TextbookTableViewCell.swift in Sources */ = {isa = PBXBuildFile; fileRef = A5393AB92691E091000133B3 /* TextbookTableViewCell.swift */; };
		A5393AC02691E4C2000133B3 /* text.txt in Resources */ = {isa = PBXBuildFile; fileRef = A5393ABF2691E4C2000133B3 /* text.txt */; };
		A5393AC2269223C4000133B3 /* ArticleViewController.swift in Sources */ = {isa = PBXBuildFile; fileRef = A5393AC1269223C4000133B3 /* ArticleViewController.swift */; };
		A54F39A22690748A008B3476 /* AppDelegate.swift in Sources */ = {isa = PBXBuildFile; fileRef = A54F39A12690748A008B3476 /* AppDelegate.swift */; };
		A54F39A42690748A008B3476 /* SceneDelegate.swift in Sources */ = {isa = PBXBuildFile; fileRef = A54F39A32690748A008B3476 /* SceneDelegate.swift */; };
		A54F39A62690748A008B3476 /* ViewController.swift in Sources */ = {isa = PBXBuildFile; fileRef = A54F39A52690748A008B3476 /* ViewController.swift */; };
		A54F39A92690748A008B3476 /* Main.storyboard in Resources */ = {isa = PBXBuildFile; fileRef = A54F39A72690748A008B3476 /* Main.storyboard */; };
		A54F39AB2690748B008B3476 /* Assets.xcassets in Resources */ = {isa = PBXBuildFile; fileRef = A54F39AA2690748B008B3476 /* Assets.xcassets */; };
		A54F39AE2690748B008B3476 /* LaunchScreen.storyboard in Resources */ = {isa = PBXBuildFile; fileRef = A54F39AC2690748B008B3476 /* LaunchScreen.storyboard */; };
		A54F39B72690760C008B3476 /* Textbook.storyboard in Resources */ = {isa = PBXBuildFile; fileRef = A54F39B62690760C008B3476 /* Textbook.storyboard */; };
		A54F39BA269078C2008B3476 /* MainScreen.storyboard in Resources */ = {isa = PBXBuildFile; fileRef = A54F39B9269078C2008B3476 /* MainScreen.storyboard */; };
		A54F39BD26908978008B3476 /* Categories.storyboard in Resources */ = {isa = PBXBuildFile; fileRef = A54F39BC26908978008B3476 /* Categories.storyboard */; };
		EB295BA52691BF6900EFF606 /* SpendingHistoryTableViewCell.swift in Sources */ = {isa = PBXBuildFile; fileRef = EB295BA42691BF6900EFF606 /* SpendingHistoryTableViewCell.swift */; };
		EB2C6D0C269606E80010EC09 /* Data.swift in Sources */ = {isa = PBXBuildFile; fileRef = EB2C6D0B269606E80010EC09 /* Data.swift */; };
/* End PBXBuildFile section */

/* Begin PBXContainerItemProxy section */
		923B810926973E0300B25EE9 /* PBXContainerItemProxy */ = {
			isa = PBXContainerItemProxy;
			containerPortal = 923B810426973E0300B25EE9 /* Charts.xcodeproj */;
			proxyType = 2;
			remoteGlobalIDString = 65AD9E95D9ED4DC0BD73A743;
			remoteInfo = Charts;
		};
		923B810B26973E0300B25EE9 /* PBXContainerItemProxy */ = {
			isa = PBXContainerItemProxy;
			containerPortal = 923B810426973E0300B25EE9 /* Charts.xcodeproj */;
			proxyType = 2;
			remoteGlobalIDString = 1CBBC58C6CE1EBEE9852CE41;
			remoteInfo = ChartsTests;
		};
/* End PBXContainerItemProxy section */

/* Begin PBXCopyFilesBuildPhase section */
		A30EECA52695B97A00E32786 /* Embed Frameworks */ = {
			isa = PBXCopyFilesBuildPhase;
			buildActionMask = 2147483647;
			dstPath = "";
			dstSubfolderSpec = 10;
			files = (
				923B810E26973E0F00B25EE9 /* Charts.framework in Embed Frameworks */,
			);
			name = "Embed Frameworks";
			runOnlyForDeploymentPostprocessing = 0;
		};
/* End PBXCopyFilesBuildPhase section */

/* Begin PBXFileReference section */
		9203B7B42690F03F004842DE /* MainScreenViewController.swift */ = {isa = PBXFileReference; lastKnownFileType = sourcecode.swift; path = MainScreenViewController.swift; sourceTree = "<group>"; };
		9203B7B82690FA29004842DE /* MainScreenAddViewController.swift */ = {isa = PBXFileReference; lastKnownFileType = sourcecode.swift; path = MainScreenAddViewController.swift; sourceTree = "<group>"; };
		923B810426973E0300B25EE9 /* Charts.xcodeproj */ = {isa = PBXFileReference; lastKnownFileType = "wrapper.pb-project"; name = Charts.xcodeproj; path = "../../../Downloads/Charts-master/Charts.xcodeproj"; sourceTree = "<group>"; };
		A30A7BAE269440FC00E288DE /* CollectionViewCell.swift */ = {isa = PBXFileReference; lastKnownFileType = sourcecode.swift; path = CollectionViewCell.swift; sourceTree = "<group>"; };
		A33138CF269490C00003D14B /* DetailsCategoriesViewController.swift */ = {isa = PBXFileReference; lastKnownFileType = sourcecode.swift; path = DetailsCategoriesViewController.swift; sourceTree = "<group>"; };
		A33138D326949E630003D14B /* DetailsCategorisTableViewCell.swift */ = {isa = PBXFileReference; lastKnownFileType = sourcecode.swift; path = DetailsCategorisTableViewCell.swift; sourceTree = "<group>"; };
		A386B2EC2696488F0089C3D9 /* AddCategoryViewController.swift */ = {isa = PBXFileReference; lastKnownFileType = sourcecode.swift; path = AddCategoryViewController.swift; sourceTree = "<group>"; };
		A38AF7D3269325A400DBA9D3 /* CategoriesViewController.swift */ = {isa = PBXFileReference; lastKnownFileType = sourcecode.swift; path = CategoriesViewController.swift; sourceTree = "<group>"; };
		A5393AB72691DF5E000133B3 /* TextbookViewController.swift */ = {isa = PBXFileReference; lastKnownFileType = sourcecode.swift; path = TextbookViewController.swift; sourceTree = "<group>"; };
		A5393AB92691E091000133B3 /* TextbookTableViewCell.swift */ = {isa = PBXFileReference; lastKnownFileType = sourcecode.swift; path = TextbookTableViewCell.swift; sourceTree = "<group>"; };
		A5393ABF2691E4C2000133B3 /* text.txt */ = {isa = PBXFileReference; lastKnownFileType = text; path = text.txt; sourceTree = "<group>"; };
		A5393AC1269223C4000133B3 /* ArticleViewController.swift */ = {isa = PBXFileReference; lastKnownFileType = sourcecode.swift; path = ArticleViewController.swift; sourceTree = "<group>"; };
		A54F399E2690748A008B3476 /* Itis-FinApp.app */ = {isa = PBXFileReference; explicitFileType = wrapper.application; includeInIndex = 0; path = "Itis-FinApp.app"; sourceTree = BUILT_PRODUCTS_DIR; };
		A54F39A12690748A008B3476 /* AppDelegate.swift */ = {isa = PBXFileReference; lastKnownFileType = sourcecode.swift; path = AppDelegate.swift; sourceTree = "<group>"; };
		A54F39A32690748A008B3476 /* SceneDelegate.swift */ = {isa = PBXFileReference; lastKnownFileType = sourcecode.swift; path = SceneDelegate.swift; sourceTree = "<group>"; };
		A54F39A52690748A008B3476 /* ViewController.swift */ = {isa = PBXFileReference; lastKnownFileType = sourcecode.swift; path = ViewController.swift; sourceTree = "<group>"; };
		A54F39A82690748A008B3476 /* Base */ = {isa = PBXFileReference; lastKnownFileType = file.storyboard; name = Base; path = Base.lproj/Main.storyboard; sourceTree = "<group>"; };
		A54F39AA2690748B008B3476 /* Assets.xcassets */ = {isa = PBXFileReference; lastKnownFileType = folder.assetcatalog; path = Assets.xcassets; sourceTree = "<group>"; };
		A54F39AD2690748B008B3476 /* Base */ = {isa = PBXFileReference; lastKnownFileType = file.storyboard; name = Base; path = Base.lproj/LaunchScreen.storyboard; sourceTree = "<group>"; };
		A54F39AF2690748B008B3476 /* Info.plist */ = {isa = PBXFileReference; lastKnownFileType = text.plist.xml; path = Info.plist; sourceTree = "<group>"; };
		A54F39B62690760C008B3476 /* Textbook.storyboard */ = {isa = PBXFileReference; lastKnownFileType = file.storyboard; path = Textbook.storyboard; sourceTree = "<group>"; };
		A54F39B9269078C2008B3476 /* MainScreen.storyboard */ = {isa = PBXFileReference; lastKnownFileType = file.storyboard; path = MainScreen.storyboard; sourceTree = "<group>"; };
		A54F39BC26908978008B3476 /* Categories.storyboard */ = {isa = PBXFileReference; lastKnownFileType = file.storyboard; path = Categories.storyboard; sourceTree = "<group>"; };
		EB295BA42691BF6900EFF606 /* SpendingHistoryTableViewCell.swift */ = {isa = PBXFileReference; lastKnownFileType = sourcecode.swift; path = SpendingHistoryTableViewCell.swift; sourceTree = "<group>"; };
		EB2C6D0B269606E80010EC09 /* Data.swift */ = {isa = PBXFileReference; lastKnownFileType = sourcecode.swift; path = Data.swift; sourceTree = "<group>"; };
/* End PBXFileReference section */

/* Begin PBXFrameworksBuildPhase section */
		A54F399B2690748A008B3476 /* Frameworks */ = {
			isa = PBXFrameworksBuildPhase;
			buildActionMask = 2147483647;
			files = (
				923B810D26973E0F00B25EE9 /* Charts.framework in Frameworks */,
			);
			runOnlyForDeploymentPostprocessing = 0;
		};
/* End PBXFrameworksBuildPhase section */

/* Begin PBXGroup section */
		923B810526973E0300B25EE9 /* Products */ = {
			isa = PBXGroup;
			children = (
				923B810A26973E0300B25EE9 /* Charts.framework */,
				923B810C26973E0300B25EE9 /* ChartsTests.xctest */,
			);
			name = Products;
			sourceTree = "<group>";
		};
		A33138C426947A730003D14B /* Frameworks */ = {
			isa = PBXGroup;
			children = (
			);
			name = Frameworks;
			sourceTree = "<group>";
		};
		A54F39952690748A008B3476 = {
			isa = PBXGroup;
			children = (
				A54F39A02690748A008B3476 /* Itis-FinApp */,
				A54F399F2690748A008B3476 /* Products */,
				A33138C426947A730003D14B /* Frameworks */,
			);
			sourceTree = "<group>";
		};
		A54F399F2690748A008B3476 /* Products */ = {
			isa = PBXGroup;
			children = (
				A54F399E2690748A008B3476 /* Itis-FinApp.app */,
			);
			name = Products;
			sourceTree = "<group>";
		};
		A54F39A02690748A008B3476 /* Itis-FinApp */ = {
			isa = PBXGroup;
			children = (
				A54F39BB26908957008B3476 /* Categories */,
				A54F39B8269078AF008B3476 /* MainScreen */,
				A54F39B526907543008B3476 /* Textbook */,
				A54F39A12690748A008B3476 /* AppDelegate.swift */,
				A54F39A32690748A008B3476 /* SceneDelegate.swift */,
				A54F39A52690748A008B3476 /* ViewController.swift */,
				A54F39A72690748A008B3476 /* Main.storyboard */,
				A54F39AA2690748B008B3476 /* Assets.xcassets */,
				A54F39AC2690748B008B3476 /* LaunchScreen.storyboard */,
				A54F39AF2690748B008B3476 /* Info.plist */,
				EB2C6D0B269606E80010EC09 /* Data.swift */,
				923B810426973E0300B25EE9 /* Charts.xcodeproj */,
			);
			path = "Itis-FinApp";
			sourceTree = "<group>";
		};
		A54F39B526907543008B3476 /* Textbook */ = {
			isa = PBXGroup;
			children = (
				A54F39B62690760C008B3476 /* Textbook.storyboard */,
				A5393AC1269223C4000133B3 /* ArticleViewController.swift */,
				A5393AB72691DF5E000133B3 /* TextbookViewController.swift */,
				A5393AB92691E091000133B3 /* TextbookTableViewCell.swift */,
				A5393ABF2691E4C2000133B3 /* text.txt */,
			);
			path = Textbook;
			sourceTree = "<group>";
		};
		A54F39B8269078AF008B3476 /* MainScreen */ = {
			isa = PBXGroup;
			children = (
				A54F39B9269078C2008B3476 /* MainScreen.storyboard */,
				9203B7B42690F03F004842DE /* MainScreenViewController.swift */,
				9203B7B82690FA29004842DE /* MainScreenAddViewController.swift */,
				EB295BA42691BF6900EFF606 /* SpendingHistoryTableViewCell.swift */,
			);
			path = MainScreen;
			sourceTree = "<group>";
		};
		A54F39BB26908957008B3476 /* Categories */ = {
			isa = PBXGroup;
			children = (
				A54F39BC26908978008B3476 /* Categories.storyboard */,
				A38AF7D3269325A400DBA9D3 /* CategoriesViewController.swift */,
				A30A7BAE269440FC00E288DE /* CollectionViewCell.swift */,
				A33138CF269490C00003D14B /* DetailsCategoriesViewController.swift */,
				A33138D326949E630003D14B /* DetailsCategorisTableViewCell.swift */,
				A386B2EC2696488F0089C3D9 /* AddCategoryViewController.swift */,
			);
			path = Categories;
			sourceTree = "<group>";
		};
/* End PBXGroup section */

/* Begin PBXNativeTarget section */
		A54F399D2690748A008B3476 /* Itis-FinApp */ = {
			isa = PBXNativeTarget;
			buildConfigurationList = A54F39B22690748B008B3476 /* Build configuration list for PBXNativeTarget "Itis-FinApp" */;
			buildPhases = (
				A54F399A2690748A008B3476 /* Sources */,
				A54F399B2690748A008B3476 /* Frameworks */,
				A54F399C2690748A008B3476 /* Resources */,
				A30EECA52695B97A00E32786 /* Embed Frameworks */,
			);
			buildRules = (
			);
			dependencies = (
			);
			name = "Itis-FinApp";
			productName = "Itis-FinApp";
			productReference = A54F399E2690748A008B3476 /* Itis-FinApp.app */;
			productType = "com.apple.product-type.application";
		};
/* End PBXNativeTarget section */

/* Begin PBXProject section */
		A54F39962690748A008B3476 /* Project object */ = {
			isa = PBXProject;
			attributes = {
				LastSwiftUpdateCheck = 1250;
				LastUpgradeCheck = 1250;
				TargetAttributes = {
					A54F399D2690748A008B3476 = {
						CreatedOnToolsVersion = 12.5.1;
					};
				};
			};
			buildConfigurationList = A54F39992690748A008B3476 /* Build configuration list for PBXProject "Itis-FinApp" */;
			compatibilityVersion = "Xcode 9.3";
			developmentRegion = en;
			hasScannedForEncodings = 0;
			knownRegions = (
				en,
				Base,
			);
			mainGroup = A54F39952690748A008B3476;
			productRefGroup = A54F399F2690748A008B3476 /* Products */;
			projectDirPath = "";
			projectReferences = (
				{
					ProductGroup = 923B810526973E0300B25EE9 /* Products */;
					ProjectRef = 923B810426973E0300B25EE9 /* Charts.xcodeproj */;
				},
			);
			projectRoot = "";
			targets = (
				A54F399D2690748A008B3476 /* Itis-FinApp */,
			);
		};
/* End PBXProject section */

/* Begin PBXReferenceProxy section */
		923B810A26973E0300B25EE9 /* Charts.framework */ = {
			isa = PBXReferenceProxy;
			fileType = wrapper.framework;
			path = Charts.framework;
			remoteRef = 923B810926973E0300B25EE9 /* PBXContainerItemProxy */;
			sourceTree = BUILT_PRODUCTS_DIR;
		};
		923B810C26973E0300B25EE9 /* ChartsTests.xctest */ = {
			isa = PBXReferenceProxy;
			fileType = wrapper.cfbundle;
			path = ChartsTests.xctest;
			remoteRef = 923B810B26973E0300B25EE9 /* PBXContainerItemProxy */;
			sourceTree = BUILT_PRODUCTS_DIR;
		};
/* End PBXReferenceProxy section */

/* Begin PBXResourcesBuildPhase section */
		A54F399C2690748A008B3476 /* Resources */ = {
			isa = PBXResourcesBuildPhase;
			buildActionMask = 2147483647;
			files = (
				A5393AC02691E4C2000133B3 /* text.txt in Resources */,
				A54F39AE2690748B008B3476 /* LaunchScreen.storyboard in Resources */,
				A54F39BA269078C2008B3476 /* MainScreen.storyboard in Resources */,
				A54F39AB2690748B008B3476 /* Assets.xcassets in Resources */,
				A54F39B72690760C008B3476 /* Textbook.storyboard in Resources */,
				A54F39A92690748A008B3476 /* Main.storyboard in Resources */,
				A54F39BD26908978008B3476 /* Categories.storyboard in Resources */,
			);
			runOnlyForDeploymentPostprocessing = 0;
		};
/* End PBXResourcesBuildPhase section */

/* Begin PBXSourcesBuildPhase section */
		A54F399A2690748A008B3476 /* Sources */ = {
			isa = PBXSourcesBuildPhase;
			buildActionMask = 2147483647;
			files = (
				A54F39A62690748A008B3476 /* ViewController.swift in Sources */,
				A33138D426949E630003D14B /* DetailsCategorisTableViewCell.swift in Sources */,
				A5393ABA2691E091000133B3 /* TextbookTableViewCell.swift in Sources */,
				A5393AB82691DF5E000133B3 /* TextbookViewController.swift in Sources */,
				9203B7B92690FA29004842DE /* MainScreenAddViewController.swift in Sources */,
				A38AF7D4269325A400DBA9D3 /* CategoriesViewController.swift in Sources */,
				A5393AC2269223C4000133B3 /* ArticleViewController.swift in Sources */,
				EB2C6D0C269606E80010EC09 /* Data.swift in Sources */,
				9203B7B52690F03F004842DE /* MainScreenViewController.swift in Sources */,
				A54F39A22690748A008B3476 /* AppDelegate.swift in Sources */,
				EB295BA52691BF6900EFF606 /* SpendingHistoryTableViewCell.swift in Sources */,
				A386B2ED2696488F0089C3D9 /* AddCategoryViewController.swift in Sources */,
				A54F39A42690748A008B3476 /* SceneDelegate.swift in Sources */,
				A30A7BAF269440FC00E288DE /* CollectionViewCell.swift in Sources */,
				A33138D0269490C00003D14B /* DetailsCategoriesViewController.swift in Sources */,
			);
			runOnlyForDeploymentPostprocessing = 0;
		};
/* End PBXSourcesBuildPhase section */

/* Begin PBXVariantGroup section */
		A54F39A72690748A008B3476 /* Main.storyboard */ = {
			isa = PBXVariantGroup;
			children = (
				A54F39A82690748A008B3476 /* Base */,
			);
			name = Main.storyboard;
			sourceTree = "<group>";
		};
		A54F39AC2690748B008B3476 /* LaunchScreen.storyboard */ = {
			isa = PBXVariantGroup;
			children = (
				A54F39AD2690748B008B3476 /* Base */,
			);
			name = LaunchScreen.storyboard;
			sourceTree = "<group>";
		};
/* End PBXVariantGroup section */

/* Begin XCBuildConfiguration section */
		A54F39B02690748B008B3476 /* Debug */ = {
			isa = XCBuildConfiguration;
			buildSettings = {
				ALWAYS_SEARCH_USER_PATHS = NO;
				CLANG_ANALYZER_NONNULL = YES;
				CLANG_ANALYZER_NUMBER_OBJECT_CONVERSION = YES_AGGRESSIVE;
				CLANG_CXX_LANGUAGE_STANDARD = "gnu++14";
				CLANG_CXX_LIBRARY = "libc++";
				CLANG_ENABLE_MODULES = YES;
				CLANG_ENABLE_OBJC_ARC = YES;
				CLANG_ENABLE_OBJC_WEAK = YES;
				CLANG_WARN_BLOCK_CAPTURE_AUTORELEASING = YES;
				CLANG_WARN_BOOL_CONVERSION = YES;
				CLANG_WARN_COMMA = YES;
				CLANG_WARN_CONSTANT_CONVERSION = YES;
				CLANG_WARN_DEPRECATED_OBJC_IMPLEMENTATIONS = YES;
				CLANG_WARN_DIRECT_OBJC_ISA_USAGE = YES_ERROR;
				CLANG_WARN_DOCUMENTATION_COMMENTS = YES;
				CLANG_WARN_EMPTY_BODY = YES;
				CLANG_WARN_ENUM_CONVERSION = YES;
				CLANG_WARN_INFINITE_RECURSION = YES;
				CLANG_WARN_INT_CONVERSION = YES;
				CLANG_WARN_NON_LITERAL_NULL_CONVERSION = YES;
				CLANG_WARN_OBJC_IMPLICIT_RETAIN_SELF = YES;
				CLANG_WARN_OBJC_LITERAL_CONVERSION = YES;
				CLANG_WARN_OBJC_ROOT_CLASS = YES_ERROR;
				CLANG_WARN_QUOTED_INCLUDE_IN_FRAMEWORK_HEADER = YES;
				CLANG_WARN_RANGE_LOOP_ANALYSIS = YES;
				CLANG_WARN_STRICT_PROTOTYPES = YES;
				CLANG_WARN_SUSPICIOUS_MOVE = YES;
				CLANG_WARN_UNGUARDED_AVAILABILITY = YES_AGGRESSIVE;
				CLANG_WARN_UNREACHABLE_CODE = YES;
				CLANG_WARN__DUPLICATE_METHOD_MATCH = YES;
				COPY_PHASE_STRIP = NO;
				DEBUG_INFORMATION_FORMAT = dwarf;
				ENABLE_STRICT_OBJC_MSGSEND = YES;
				ENABLE_TESTABILITY = YES;
				GCC_C_LANGUAGE_STANDARD = gnu11;
				GCC_DYNAMIC_NO_PIC = NO;
				GCC_NO_COMMON_BLOCKS = YES;
				GCC_OPTIMIZATION_LEVEL = 0;
				GCC_PREPROCESSOR_DEFINITIONS = (
					"DEBUG=1",
					"$(inherited)",
				);
				GCC_WARN_64_TO_32_BIT_CONVERSION = YES;
				GCC_WARN_ABOUT_RETURN_TYPE = YES_ERROR;
				GCC_WARN_UNDECLARED_SELECTOR = YES;
				GCC_WARN_UNINITIALIZED_AUTOS = YES_AGGRESSIVE;
				GCC_WARN_UNUSED_FUNCTION = YES;
				GCC_WARN_UNUSED_VARIABLE = YES;
				IPHONEOS_DEPLOYMENT_TARGET = 14.5;
				MTL_ENABLE_DEBUG_INFO = INCLUDE_SOURCE;
				MTL_FAST_MATH = YES;
				ONLY_ACTIVE_ARCH = YES;
				SDKROOT = iphoneos;
				SWIFT_ACTIVE_COMPILATION_CONDITIONS = DEBUG;
				SWIFT_OPTIMIZATION_LEVEL = "-Onone";
			};
			name = Debug;
		};
		A54F39B12690748B008B3476 /* Release */ = {
			isa = XCBuildConfiguration;
			buildSettings = {
				ALWAYS_SEARCH_USER_PATHS = NO;
				CLANG_ANALYZER_NONNULL = YES;
				CLANG_ANALYZER_NUMBER_OBJECT_CONVERSION = YES_AGGRESSIVE;
				CLANG_CXX_LANGUAGE_STANDARD = "gnu++14";
				CLANG_CXX_LIBRARY = "libc++";
				CLANG_ENABLE_MODULES = YES;
				CLANG_ENABLE_OBJC_ARC = YES;
				CLANG_ENABLE_OBJC_WEAK = YES;
				CLANG_WARN_BLOCK_CAPTURE_AUTORELEASING = YES;
				CLANG_WARN_BOOL_CONVERSION = YES;
				CLANG_WARN_COMMA = YES;
				CLANG_WARN_CONSTANT_CONVERSION = YES;
				CLANG_WARN_DEPRECATED_OBJC_IMPLEMENTATIONS = YES;
				CLANG_WARN_DIRECT_OBJC_ISA_USAGE = YES_ERROR;
				CLANG_WARN_DOCUMENTATION_COMMENTS = YES;
				CLANG_WARN_EMPTY_BODY = YES;
				CLANG_WARN_ENUM_CONVERSION = YES;
				CLANG_WARN_INFINITE_RECURSION = YES;
				CLANG_WARN_INT_CONVERSION = YES;
				CLANG_WARN_NON_LITERAL_NULL_CONVERSION = YES;
				CLANG_WARN_OBJC_IMPLICIT_RETAIN_SELF = YES;
				CLANG_WARN_OBJC_LITERAL_CONVERSION = YES;
				CLANG_WARN_OBJC_ROOT_CLASS = YES_ERROR;
				CLANG_WARN_QUOTED_INCLUDE_IN_FRAMEWORK_HEADER = YES;
				CLANG_WARN_RANGE_LOOP_ANALYSIS = YES;
				CLANG_WARN_STRICT_PROTOTYPES = YES;
				CLANG_WARN_SUSPICIOUS_MOVE = YES;
				CLANG_WARN_UNGUARDED_AVAILABILITY = YES_AGGRESSIVE;
				CLANG_WARN_UNREACHABLE_CODE = YES;
				CLANG_WARN__DUPLICATE_METHOD_MATCH = YES;
				COPY_PHASE_STRIP = NO;
				DEBUG_INFORMATION_FORMAT = "dwarf-with-dsym";
				ENABLE_NS_ASSERTIONS = NO;
				ENABLE_STRICT_OBJC_MSGSEND = YES;
				GCC_C_LANGUAGE_STANDARD = gnu11;
				GCC_NO_COMMON_BLOCKS = YES;
				GCC_WARN_64_TO_32_BIT_CONVERSION = YES;
				GCC_WARN_ABOUT_RETURN_TYPE = YES_ERROR;
				GCC_WARN_UNDECLARED_SELECTOR = YES;
				GCC_WARN_UNINITIALIZED_AUTOS = YES_AGGRESSIVE;
				GCC_WARN_UNUSED_FUNCTION = YES;
				GCC_WARN_UNUSED_VARIABLE = YES;
				IPHONEOS_DEPLOYMENT_TARGET = 14.5;
				MTL_ENABLE_DEBUG_INFO = NO;
				MTL_FAST_MATH = YES;
				SDKROOT = iphoneos;
				SWIFT_COMPILATION_MODE = wholemodule;
				SWIFT_OPTIMIZATION_LEVEL = "-O";
				VALIDATE_PRODUCT = YES;
			};
			name = Release;
		};
		A54F39B32690748B008B3476 /* Debug */ = {
			isa = XCBuildConfiguration;
			buildSettings = {
				ASSETCATALOG_COMPILER_APPICON_NAME = AppIcon;
				ASSETCATALOG_COMPILER_GLOBAL_ACCENT_COLOR_NAME = AccentColor;
				CODE_SIGN_STYLE = Automatic;
				INFOPLIST_FILE = "Itis-FinApp/Info.plist";
				IPHONEOS_DEPLOYMENT_TARGET = 13.0;
				LD_RUNPATH_SEARCH_PATHS = (
					"$(inherited)",
					"@executable_path/Frameworks",
				);
				PRODUCT_BUNDLE_IDENTIFIER = "ITIS.Itis-FinApp";
				PRODUCT_NAME = "$(TARGET_NAME)";
				SWIFT_VERSION = 5.0;
				TARGETED_DEVICE_FAMILY = 1;
			};
			name = Debug;
		};
		A54F39B42690748B008B3476 /* Release */ = {
			isa = XCBuildConfiguration;
			buildSettings = {
				ASSETCATALOG_COMPILER_APPICON_NAME = AppIcon;
				ASSETCATALOG_COMPILER_GLOBAL_ACCENT_COLOR_NAME = AccentColor;
				CODE_SIGN_STYLE = Automatic;
				INFOPLIST_FILE = "Itis-FinApp/Info.plist";
				IPHONEOS_DEPLOYMENT_TARGET = 13.0;
				LD_RUNPATH_SEARCH_PATHS = (
					"$(inherited)",
					"@executable_path/Frameworks",
				);
				PRODUCT_BUNDLE_IDENTIFIER = "ITIS.Itis-FinApp";
				PRODUCT_NAME = "$(TARGET_NAME)";
				SWIFT_VERSION = 5.0;
				TARGETED_DEVICE_FAMILY = 1;
			};
			name = Release;
		};
/* End XCBuildConfiguration section */

/* Begin XCConfigurationList section */
		A54F39992690748A008B3476 /* Build configuration list for PBXProject "Itis-FinApp" */ = {
			isa = XCConfigurationList;
			buildConfigurations = (
				A54F39B02690748B008B3476 /* Debug */,
				A54F39B12690748B008B3476 /* Release */,
			);
			defaultConfigurationIsVisible = 0;
			defaultConfigurationName = Release;
		};
		A54F39B22690748B008B3476 /* Build configuration list for PBXNativeTarget "Itis-FinApp" */ = {
			isa = XCConfigurationList;
			buildConfigurations = (
				A54F39B32690748B008B3476 /* Debug */,
				A54F39B42690748B008B3476 /* Release */,
			);
			defaultConfigurationIsVisible = 0;
			defaultConfigurationName = Release;
		};
/* End XCConfigurationList section */
	};
	rootObject = A54F39962690748A008B3476 /* Project object */;
}
